
Microsoft Visual Studio Solution File, Format Version 12.00
# Visual Studio Version 16
VisualStudioVersion = 16.0.31402.337
MinimumVisualStudioVersion = 10.0.40219.1
Project("{FAE04EC0-301F-11D3-BF4B-00C04F79EFBC}") = "ShopGiay", "ShopGiay.csproj", "{29E8715C-F191-4DCC-85F6-189FEC02660F}"
EndProject
Global
	GlobalSection(SolutionConfigurationPlatforms) = preSolution
		Debug|Any CPU = Debug|Any CPU
		Release|Any CPU = Release|Any CPU
	EndGlobalSection
	GlobalSection(ProjectConfigurationPlatforms) = postSolution
		{29E8715C-F191-4DCC-85F6-189FEC02660F}.Debug|Any CPU.ActiveCfg = Debug|Any CPU
		{29E8715C-F191-4DCC-85F6-189FEC02660F}.Debug|Any CPU.Build.0 = Debug|Any CPU
		{29E8715C-F191-4DCC-85F6-189FEC02660F}.Release|Any CPU.ActiveCfg = Release|Any CPU
		{29E8715C-F191-4DCC-85F6-189FEC02660F}.Release|Any CPU.Build.0 = Release|Any CPU
	EndGlobalSection
	GlobalSection(SolutionProperties) = preSolution
		HideSolutionNode = FALSE
	EndGlobalSection
	GlobalSection(ExtensibilityGlobals) = postSolution
		SolutionGuid = {F27193CF-BAC5-424E-9A31-A48AD461E927}
	EndGlobalSection
EndGlobal
